
Microsoft Visual Studio Solution File, Format Version 12.00
# Visual Studio Version 16
VisualStudioVersion = 16.0.34729.46
MinimumVisualStudioVersion = 10.0.40219.1
Project("{8BC9CEB8-8B4A-11D0-8D11-00A0C91BC942}") = "simple_debuger_test_app", "simple_debuger_test_app\simple_debuger_test_app.vcxproj", "{15E059C9-9333-45FA-883E-4A633C936DDE}"
EndProject
Global
	GlobalSection(SolutionConfigurationPlatforms) = preSolution
		Debug|x64 = Debug|x64
		Debug|x86 = Debug|x86
		Release|x64 = Release|x64
		Release|x86 = Release|x86
	EndGlobalSection
	GlobalSection(ProjectConfigurationPlatforms) = postSolution
		{15E059C9-9333-45FA-883E-4A633C936DDE}.Debug|x64.ActiveCfg = Debug|x64
		{15E059C9-9333-45FA-883E-4A633C936DDE}.Debug|x64.Build.0 = Debug|x64
		{15E059C9-9333-45FA-883E-4A633C936DDE}.Debug|x86.ActiveCfg = Debug|Win32
		{15E059C9-9333-45FA-883E-4A633C936DDE}.Debug|x86.Build.0 = Debug|Win32
		{15E059C9-9333-45FA-883E-4A633C936DDE}.Release|x64.ActiveCfg = Release|x64
		{15E059C9-9333-45FA-883E-4A633C936DDE}.Release|x64.Build.0 = Release|x64
		{15E059C9-9333-45FA-883E-4A633C936DDE}.Release|x86.ActiveCfg = Release|Win32
		{15E059C9-9333-45FA-883E-4A633C936DDE}.Release|x86.Build.0 = Release|Win32
	EndGlobalSection
	GlobalSection(SolutionProperties) = preSolution
		HideSolutionNode = FALSE
	EndGlobalSection
	GlobalSection(ExtensibilityGlobals) = postSolution
		SolutionGuid = {133D75B9-DC63-4094-8986-CF094DC15960}
	EndGlobalSection
EndGlobal
